
Microsoft Visual Studio Solution File, Format Version 12.00
# Visual Studio Version 17
VisualStudioVersion = 17.5.002.0
MinimumVisualStudioVersion = 10.0.40219.1
Project("{9A19103F-16F7-4668-BE54-9A1E7A4F7556}") = "ConsoleApp", "ConsoleApp\ConsoleApp.csproj", "{D55324D5-34BA-4EED-97B0-67C94136E823}"
EndProject
Global
	GlobalSection(SolutionConfigurationPlatforms) = preSolution
		Debug|Any CPU = Debug|Any CPU
		Release|Any CPU = Release|Any CPU
	EndGlobalSection
	GlobalSection(ProjectConfigurationPlatforms) = postSolution
		{D55324D5-34BA-4EED-97B0-67C94136E823}.Debug|Any CPU.ActiveCfg = Debug|Any CPU
		{D55324D5-34BA-4EED-97B0-67C94136E823}.Debug|Any CPU.Build.0 = Debug|Any CPU
		{D55324D5-34BA-4EED-97B0-67C94136E823}.Release|Any CPU.ActiveCfg = Release|Any CPU
		{D55324D5-34BA-4EED-97B0-67C94136E823}.Release|Any CPU.Build.0 = Release|Any CPU
	EndGlobalSection
	GlobalSection(SolutionProperties) = preSolution
		HideSolutionNode = FALSE
	EndGlobalSection
	GlobalSection(ExtensibilityGlobals) = postSolution
		SolutionGuid = {4DC13A6C-159F-4BC4-BCE0-492CEB8BEA25}
	EndGlobalSection
EndGlobal
